
Microsoft Visual Studio Solution File, Format Version 11.00
# Visual Studio 2010
Project("{FAE04EC0-301F-11D3-BF4B-00C04F79EFBC}") = "SpaceEscapePrototype", "Assembly-CSharp-firstpass.csproj", "{6A4F484E-CA0C-B9AA-E013-98457008E00D}"
EndProject
Project("{FAE04EC0-301F-11D3-BF4B-00C04F79EFBC}") = "SpaceEscapePrototype", "Assembly-CSharp.csproj", "{C702C9AD-017A-C08F-5DEF-F2472A68B0CC}"
EndProject
Project("{FAE04EC0-301F-11D3-BF4B-00C04F79EFBC}") = "SpaceEscapePrototype", "Assembly-CSharp-Editor.csproj", "{8306FC03-E445-75A2-DFD3-868CDE10BC92}"
EndProject
Global
	GlobalSection(SolutionConfigurationPlatforms) = preSolution
		Debug|Any CPU = Debug|Any CPU
		Release|Any CPU = Release|Any CPU
	EndGlobalSection
	GlobalSection(ProjectConfigurationPlatforms) = postSolution
		{6A4F484E-CA0C-B9AA-E013-98457008E00D}.Debug|Any CPU.ActiveCfg = Debug|Any CPU
		{6A4F484E-CA0C-B9AA-E013-98457008E00D}.Debug|Any CPU.Build.0 = Debug|Any CPU
		{6A4F484E-CA0C-B9AA-E013-98457008E00D}.Release|Any CPU.ActiveCfg = Release|Any CPU
		{6A4F484E-CA0C-B9AA-E013-98457008E00D}.Release|Any CPU.Build.0 = Release|Any CPU
		{C702C9AD-017A-C08F-5DEF-F2472A68B0CC}.Debug|Any CPU.ActiveCfg = Debug|Any CPU
		{C702C9AD-017A-C08F-5DEF-F2472A68B0CC}.Debug|Any CPU.Build.0 = Debug|Any CPU
		{C702C9AD-017A-C08F-5DEF-F2472A68B0CC}.Release|Any CPU.ActiveCfg = Release|Any CPU
		{C702C9AD-017A-C08F-5DEF-F2472A68B0CC}.Release|Any CPU.Build.0 = Release|Any CPU
		{8306FC03-E445-75A2-DFD3-868CDE10BC92}.Debug|Any CPU.ActiveCfg = Debug|Any CPU
		{8306FC03-E445-75A2-DFD3-868CDE10BC92}.Debug|Any CPU.Build.0 = Debug|Any CPU
		{8306FC03-E445-75A2-DFD3-868CDE10BC92}.Release|Any CPU.ActiveCfg = Release|Any CPU
		{8306FC03-E445-75A2-DFD3-868CDE10BC92}.Release|Any CPU.Build.0 = Release|Any CPU
	EndGlobalSection
	GlobalSection(SolutionProperties) = preSolution
		HideSolutionNode = FALSE
	EndGlobalSection
	GlobalSection(MonoDevelopProperties) = preSolution
		StartupItem = Assembly-CSharp.csproj
	EndGlobalSection
EndGlobal
